
Microsoft Visual Studio Solution File, Format Version 12.00
# Visual Studio Version 17
VisualStudioVersion = 17.3.32929.385
MinimumVisualStudioVersion = 10.0.40219.1
Project("{FAE04EC0-301F-11D3-BF4B-00C04F79EFBC}") = "IMD0180BackAPI", "IMD0180BackAPI\IMD0180BackAPI.csproj", "{E2B20749-00B7-4331-9D1D-9D6200053620}"
EndProject
Global
	GlobalSection(SolutionConfigurationPlatforms) = preSolution
		Debug|Any CPU = Debug|Any CPU
		Release|Any CPU = Release|Any CPU
	EndGlobalSection
	GlobalSection(ProjectConfigurationPlatforms) = postSolution
		{E2B20749-00B7-4331-9D1D-9D6200053620}.Debug|Any CPU.ActiveCfg = Debug|Any CPU
		{E2B20749-00B7-4331-9D1D-9D6200053620}.Debug|Any CPU.Build.0 = Debug|Any CPU
		{E2B20749-00B7-4331-9D1D-9D6200053620}.Release|Any CPU.ActiveCfg = Release|Any CPU
		{E2B20749-00B7-4331-9D1D-9D6200053620}.Release|Any CPU.Build.0 = Release|Any CPU
	EndGlobalSection
	GlobalSection(SolutionProperties) = preSolution
		HideSolutionNode = FALSE
	EndGlobalSection
	GlobalSection(ExtensibilityGlobals) = postSolution
		SolutionGuid = {24B6B97F-1D3E-4F7E-AD20-7113D56BD3D6}
	EndGlobalSection
EndGlobal
